
Microsoft Visual Studio Solution File, Format Version 12.00
# Visual Studio Version 17
VisualStudioVersion = 17.0.32126.317
MinimumVisualStudioVersion = 10.0.40219.1
Project("{FAE04EC0-301F-11D3-BF4B-00C04F79EFBC}") = "my_xml_lib", "my_xml_lib.csproj", "{54C95AAA-76A7-4506-A7D5-C51BE39F40BA}"
EndProject
Global
	GlobalSection(SolutionConfigurationPlatforms) = preSolution
		Debug|Any CPU = Debug|Any CPU
		Release|Any CPU = Release|Any CPU
	EndGlobalSection
	GlobalSection(ProjectConfigurationPlatforms) = postSolution
		{54C95AAA-76A7-4506-A7D5-C51BE39F40BA}.Debug|Any CPU.ActiveCfg = Debug|Any CPU
		{54C95AAA-76A7-4506-A7D5-C51BE39F40BA}.Debug|Any CPU.Build.0 = Debug|Any CPU
		{54C95AAA-76A7-4506-A7D5-C51BE39F40BA}.Release|Any CPU.ActiveCfg = Release|Any CPU
		{54C95AAA-76A7-4506-A7D5-C51BE39F40BA}.Release|Any CPU.Build.0 = Release|Any CPU
	EndGlobalSection
	GlobalSection(SolutionProperties) = preSolution
		HideSolutionNode = FALSE
	EndGlobalSection
	GlobalSection(ExtensibilityGlobals) = postSolution
		SolutionGuid = {37EDC8E8-BC91-4944-BCA3-2226FC0C320B}
	EndGlobalSection
EndGlobal
